// !$*UTF8*$!
{
	archiveVersion = 1;
	classes = {
	};
	objectVersion = 51;
	objects = {

/* Begin PBXBuildFile section */
		25893ED0268F45EF00D90D2E /* SubCategoryVCext.swift in Sources */ = {isa = PBXBuildFile; fileRef = 25893ECF268F45EF00D90D2E /* SubCategoryVCext.swift */; };
		25893ED2268F4C4800D90D2E /* ProductViewController.swift in Sources */ = {isa = PBXBuildFile; fileRef = 25893ED1268F4C4800D90D2E /* ProductViewController.swift */; };
		25893ED4268F4C5900D90D2E /* ProductVCext.swift in Sources */ = {isa = PBXBuildFile; fileRef = 25893ED3268F4C5900D90D2E /* ProductVCext.swift */; };
		25893ED6268F4C7E00D90D2E /* TableViewExt.swift in Sources */ = {isa = PBXBuildFile; fileRef = 25893ED5268F4C7E00D90D2E /* TableViewExt.swift */; };
		25893ED82690AAD400D90D2E /* ProductCollectionViewCell.swift in Sources */ = {isa = PBXBuildFile; fileRef = 25893ED72690AAD400D90D2E /* ProductCollectionViewCell.swift */; };
		25893EDA2690ABF000D90D2E /* CustomView.swift in Sources */ = {isa = PBXBuildFile; fileRef = 25893ED92690ABF000D90D2E /* CustomView.swift */; };
		2591ECD2268E0B1600E6082E /* AppDelegate.swift in Sources */ = {isa = PBXBuildFile; fileRef = 2591ECD1268E0B1600E6082E /* AppDelegate.swift */; };
		2591ECD4268E0B1600E6082E /* SceneDelegate.swift in Sources */ = {isa = PBXBuildFile; fileRef = 2591ECD3268E0B1600E6082E /* SceneDelegate.swift */; };
		2591ECD6268E0B1600E6082E /* CategoryViewController.swift in Sources */ = {isa = PBXBuildFile; fileRef = 2591ECD5268E0B1600E6082E /* CategoryViewController.swift */; };
		2591ECD9268E0B1600E6082E /* Main.storyboard in Resources */ = {isa = PBXBuildFile; fileRef = 2591ECD7268E0B1600E6082E /* Main.storyboard */; };
		2591ECDB268E0B1C00E6082E /* Assets.xcassets in Resources */ = {isa = PBXBuildFile; fileRef = 2591ECDA268E0B1C00E6082E /* Assets.xcassets */; };
		2591ECDE268E0B1C00E6082E /* LaunchScreen.storyboard in Resources */ = {isa = PBXBuildFile; fileRef = 2591ECDC268E0B1C00E6082E /* LaunchScreen.storyboard */; };
		2591ECEC268E112100E6082E /* CategoryVCext.swift in Sources */ = {isa = PBXBuildFile; fileRef = 2591ECEB268E112100E6082E /* CategoryVCext.swift */; };
		2591ECEE268E116400E6082E /* Model.swift in Sources */ = {isa = PBXBuildFile; fileRef = 2591ECED268E116400E6082E /* Model.swift */; };
		2591ECF0268E164F00E6082E /* ApiClientImpl.swift in Sources */ = {isa = PBXBuildFile; fileRef = 2591ECEF268E164F00E6082E /* ApiClientImpl.swift */; };
		2591ECF2268E839900E6082E /* CategoryTableViewCell.swift in Sources */ = {isa = PBXBuildFile; fileRef = 2591ECF1268E839900E6082E /* CategoryTableViewCell.swift */; };
		2591ECF4268E84D700E6082E /* ImageExt.swift in Sources */ = {isa = PBXBuildFile; fileRef = 2591ECF3268E84D700E6082E /* ImageExt.swift */; };
		2591ECF6268E954800E6082E /* SubCategoryViewController.swift in Sources */ = {isa = PBXBuildFile; fileRef = 2591ECF5268E954800E6082E /* SubCategoryViewController.swift */; };
		9761F6175CCFEB4BD2278807 /* Pods_bsWear_shop.framework in Frameworks */ = {isa = PBXBuildFile; fileRef = BAF39C664C2CFD733E907B40 /* Pods_bsWear_shop.framework */; };
/* End PBXBuildFile section */

/* Begin PBXFileReference section */
		25893ECF268F45EF00D90D2E /* SubCategoryVCext.swift */ = {isa = PBXFileReference; lastKnownFileType = sourcecode.swift; path = SubCategoryVCext.swift; sourceTree = "<group>"; };
		25893ED1268F4C4800D90D2E /* ProductViewController.swift */ = {isa = PBXFileReference; lastKnownFileType = sourcecode.swift; path = ProductViewController.swift; sourceTree = "<group>"; };
		25893ED3268F4C5900D90D2E /* ProductVCext.swift */ = {isa = PBXFileReference; lastKnownFileType = sourcecode.swift; path = ProductVCext.swift; sourceTree = "<group>"; };
		25893ED5268F4C7E00D90D2E /* TableViewExt.swift */ = {isa = PBXFileReference; lastKnownFileType = sourcecode.swift; path = TableViewExt.swift; sourceTree = "<group>"; };
		25893ED72690AAD400D90D2E /* ProductCollectionViewCell.swift */ = {isa = PBXFileReference; lastKnownFileType = sourcecode.swift; path = ProductCollectionViewCell.swift; sourceTree = "<group>"; };
		25893ED92690ABF000D90D2E /* CustomView.swift */ = {isa = PBXFileReference; lastKnownFileType = sourcecode.swift; path = CustomView.swift; sourceTree = "<group>"; };
		2591ECCE268E0B1600E6082E /* bsWear-shop.app */ = {isa = PBXFileReference; explicitFileType = wrapper.application; includeInIndex = 0; path = "bsWear-shop.app"; sourceTree = BUILT_PRODUCTS_DIR; };
		2591ECD1268E0B1600E6082E /* AppDelegate.swift */ = {isa = PBXFileReference; lastKnownFileType = sourcecode.swift; path = AppDelegate.swift; sourceTree = "<group>"; };
		2591ECD3268E0B1600E6082E /* SceneDelegate.swift */ = {isa = PBXFileReference; lastKnownFileType = sourcecode.swift; path = SceneDelegate.swift; sourceTree = "<group>"; };
		2591ECD5268E0B1600E6082E /* CategoryViewController.swift */ = {isa = PBXFileReference; lastKnownFileType = sourcecode.swift; path = CategoryViewController.swift; sourceTree = "<group>"; };
		2591ECD8268E0B1600E6082E /* Base */ = {isa = PBXFileReference; lastKnownFileType = file.storyboard; name = Base; path = Base.lproj/Main.storyboard; sourceTree = "<group>"; };
		2591ECDA268E0B1C00E6082E /* Assets.xcassets */ = {isa = PBXFileReference; lastKnownFileType = folder.assetcatalog; path = Assets.xcassets; sourceTree = "<group>"; };
		2591ECDD268E0B1C00E6082E /* Base */ = {isa = PBXFileReference; lastKnownFileType = file.storyboard; name = Base; path = Base.lproj/LaunchScreen.storyboard; sourceTree = "<group>"; };
		2591ECDF268E0B1C00E6082E /* Info.plist */ = {isa = PBXFileReference; lastKnownFileType = text.plist.xml; path = Info.plist; sourceTree = "<group>"; };
		2591ECEB268E112100E6082E /* CategoryVCext.swift */ = {isa = PBXFileReference; lastKnownFileType = sourcecode.swift; path = CategoryVCext.swift; sourceTree = "<group>"; };
		2591ECED268E116400E6082E /* Model.swift */ = {isa = PBXFileReference; lastKnownFileType = sourcecode.swift; path = Model.swift; sourceTree = "<group>"; };
		2591ECEF268E164F00E6082E /* ApiClientImpl.swift */ = {isa = PBXFileReference; lastKnownFileType = sourcecode.swift; path = ApiClientImpl.swift; sourceTree = "<group>"; };
		2591ECF1268E839900E6082E /* CategoryTableViewCell.swift */ = {isa = PBXFileReference; lastKnownFileType = sourcecode.swift; path = CategoryTableViewCell.swift; sourceTree = "<group>"; };
		2591ECF3268E84D700E6082E /* ImageExt.swift */ = {isa = PBXFileReference; lastKnownFileType = sourcecode.swift; path = ImageExt.swift; sourceTree = "<group>"; };
		2591ECF5268E954800E6082E /* SubCategoryViewController.swift */ = {isa = PBXFileReference; lastKnownFileType = sourcecode.swift; path = SubCategoryViewController.swift; sourceTree = "<group>"; };
		878D58262B0C071C1F4623BD /* Pods-bsWear-shop.debug.xcconfig */ = {isa = PBXFileReference; includeInIndex = 1; lastKnownFileType = text.xcconfig; name = "Pods-bsWear-shop.debug.xcconfig"; path = "Target Support Files/Pods-bsWear-shop/Pods-bsWear-shop.debug.xcconfig"; sourceTree = "<group>"; };
		BAF39C664C2CFD733E907B40 /* Pods_bsWear_shop.framework */ = {isa = PBXFileReference; explicitFileType = wrapper.framework; includeInIndex = 0; path = Pods_bsWear_shop.framework; sourceTree = BUILT_PRODUCTS_DIR; };
		D2A4E03B96323BA90907EBBF /* Pods-bsWear-shop.release.xcconfig */ = {isa = PBXFileReference; includeInIndex = 1; lastKnownFileType = text.xcconfig; name = "Pods-bsWear-shop.release.xcconfig"; path = "Target Support Files/Pods-bsWear-shop/Pods-bsWear-shop.release.xcconfig"; sourceTree = "<group>"; };
/* End PBXFileReference section */

/* Begin PBXFrameworksBuildPhase section */
		2591ECCB268E0B1600E6082E /* Frameworks */ = {
			isa = PBXFrameworksBuildPhase;
			buildActionMask = 2147483647;
			files = (
				9761F6175CCFEB4BD2278807 /* Pods_bsWear_shop.framework in Frameworks */,
			);
			runOnlyForDeploymentPostprocessing = 0;
		};
/* End PBXFrameworksBuildPhase section */

/* Begin PBXGroup section */
		2591ECC5268E0B1500E6082E = {
			isa = PBXGroup;
			children = (
				2591ECD0268E0B1600E6082E /* bsWear-shop */,
				2591ECCF268E0B1600E6082E /* Products */,
				C7D32AA2A07EB01B44BB0288 /* Pods */,
				9BCC0C275FC48166CFF615CC /* Frameworks */,
			);
			sourceTree = "<group>";
		};
		2591ECCF268E0B1600E6082E /* Products */ = {
			isa = PBXGroup;
			children = (
				2591ECCE268E0B1600E6082E /* bsWear-shop.app */,
			);
			name = Products;
			sourceTree = "<group>";
		};
		2591ECD0268E0B1600E6082E /* bsWear-shop */ = {
			isa = PBXGroup;
			children = (
				2591ECEA268E10FF00E6082E /* Extensions */,
				2591ECE9268E0ED100E6082E /* Servises */,
				2591ECE8268E0EC900E6082E /* Persistanse */,
				2591ECE5268E0EB700E6082E /* Model */,
				2591ECE6268E0EBE00E6082E /* View */,
				2591ECE7268E0EC300E6082E /* Controller */,
				2591ECD3268E0B1600E6082E /* SceneDelegate.swift */,
				2591ECD1268E0B1600E6082E /* AppDelegate.swift */,
				2591ECD7268E0B1600E6082E /* Main.storyboard */,
				2591ECDA268E0B1C00E6082E /* Assets.xcassets */,
				2591ECDC268E0B1C00E6082E /* LaunchScreen.storyboard */,
				2591ECDF268E0B1C00E6082E /* Info.plist */,
			);
			path = "bsWear-shop";
			sourceTree = "<group>";
		};
		2591ECE5268E0EB700E6082E /* Model */ = {
			isa = PBXGroup;
			children = (
				2591ECED268E116400E6082E /* Model.swift */,
			);
			path = Model;
			sourceTree = "<group>";
		};
		2591ECE6268E0EBE00E6082E /* View */ = {
			isa = PBXGroup;
			children = (
				2591ECF1268E839900E6082E /* CategoryTableViewCell.swift */,
				25893ED72690AAD400D90D2E /* ProductCollectionViewCell.swift */,
				25893ED92690ABF000D90D2E /* CustomView.swift */,
			);
			path = View;
			sourceTree = "<group>";
		};
		2591ECE7268E0EC300E6082E /* Controller */ = {
			isa = PBXGroup;
			children = (
				2591ECD5268E0B1600E6082E /* CategoryViewController.swift */,
				2591ECF5268E954800E6082E /* SubCategoryViewController.swift */,
				25893ED1268F4C4800D90D2E /* ProductViewController.swift */,
			);
			path = Controller;
			sourceTree = "<group>";
		};
		2591ECE8268E0EC900E6082E /* Persistanse */ = {
			isa = PBXGroup;
			children = (
			);
			path = Persistanse;
			sourceTree = "<group>";
		};
		2591ECE9268E0ED100E6082E /* Servises */ = {
			isa = PBXGroup;
			children = (
				2591ECEF268E164F00E6082E /* ApiClientImpl.swift */,
			);
			path = Servises;
			sourceTree = "<group>";
		};
		2591ECEA268E10FF00E6082E /* Extensions */ = {
			isa = PBXGroup;
			children = (
				2591ECF3268E84D700E6082E /* ImageExt.swift */,
				25893ED5268F4C7E00D90D2E /* TableViewExt.swift */,
				2591ECEB268E112100E6082E /* CategoryVCext.swift */,
				25893ECF268F45EF00D90D2E /* SubCategoryVCext.swift */,
				25893ED3268F4C5900D90D2E /* ProductVCext.swift */,
			);
			path = Extensions;
			sourceTree = "<group>";
		};
		9BCC0C275FC48166CFF615CC /* Frameworks */ = {
			isa = PBXGroup;
			children = (
				BAF39C664C2CFD733E907B40 /* Pods_bsWear_shop.framework */,
			);
			name = Frameworks;
			sourceTree = "<group>";
		};
		C7D32AA2A07EB01B44BB0288 /* Pods */ = {
			isa = PBXGroup;
			children = (
				878D58262B0C071C1F4623BD /* Pods-bsWear-shop.debug.xcconfig */,
				D2A4E03B96323BA90907EBBF /* Pods-bsWear-shop.release.xcconfig */,
			);
			path = Pods;
			sourceTree = "<group>";
		};
/* End PBXGroup section */

/* Begin PBXNativeTarget section */
		2591ECCD268E0B1600E6082E /* bsWear-shop */ = {
			isa = PBXNativeTarget;
			buildConfigurationList = 2591ECE2268E0B1C00E6082E /* Build configuration list for PBXNativeTarget "bsWear-shop" */;
			buildPhases = (
				E4865CA4923549CBB509B25E /* [CP] Check Pods Manifest.lock */,
				2591ECCA268E0B1600E6082E /* Sources */,
				2591ECCB268E0B1600E6082E /* Frameworks */,
				2591ECCC268E0B1600E6082E /* Resources */,
				2C78150F952B6EF5EAF64E59 /* [CP] Embed Pods Frameworks */,
			);
			buildRules = (
			);
			dependencies = (
			);
			name = "bsWear-shop";
			productName = "bsWear-shop";
			productReference = 2591ECCE268E0B1600E6082E /* bsWear-shop.app */;
			productType = "com.apple.product-type.application";
		};
/* End PBXNativeTarget section */

/* Begin PBXProject section */
		2591ECC6268E0B1500E6082E /* Project object */ = {
			isa = PBXProject;
			attributes = {
				LastSwiftUpdateCheck = 1250;
				LastUpgradeCheck = 1250;
				TargetAttributes = {
					2591ECCD268E0B1600E6082E = {
						CreatedOnToolsVersion = 12.5.1;
					};
				};
			};
			buildConfigurationList = 2591ECC9268E0B1500E6082E /* Build configuration list for PBXProject "bsWear-shop" */;
			compatibilityVersion = "Xcode 9.3";
			developmentRegion = en;
			hasScannedForEncodings = 0;
			knownRegions = (
				en,
				Base,
			);
			mainGroup = 2591ECC5268E0B1500E6082E;
			productRefGroup = 2591ECCF268E0B1600E6082E /* Products */;
			projectDirPath = "";
			projectRoot = "";
			targets = (
				2591ECCD268E0B1600E6082E /* bsWear-shop */,
			);
		};
/* End PBXProject section */

/* Begin PBXResourcesBuildPhase section */
		2591ECCC268E0B1600E6082E /* Resources */ = {
			isa = PBXResourcesBuildPhase;
			buildActionMask = 2147483647;
			files = (
				2591ECDE268E0B1C00E6082E /* LaunchScreen.storyboard in Resources */,
				2591ECDB268E0B1C00E6082E /* Assets.xcassets in Resources */,
				2591ECD9268E0B1600E6082E /* Main.storyboard in Resources */,
			);
			runOnlyForDeploymentPostprocessing = 0;
		};
/* End PBXResourcesBuildPhase section */

/* Begin PBXShellScriptBuildPhase section */
		2C78150F952B6EF5EAF64E59 /* [CP] Embed Pods Frameworks */ = {
			isa = PBXShellScriptBuildPhase;
			buildActionMask = 2147483647;
			files = (
			);
			inputFileListPaths = (
				"${PODS_ROOT}/Target Support Files/Pods-bsWear-shop/Pods-bsWear-shop-frameworks-${CONFIGURATION}-input-files.xcfilelist",
			);
			name = "[CP] Embed Pods Frameworks";
			outputFileListPaths = (
				"${PODS_ROOT}/Target Support Files/Pods-bsWear-shop/Pods-bsWear-shop-frameworks-${CONFIGURATION}-output-files.xcfilelist",
			);
			runOnlyForDeploymentPostprocessing = 0;
			shellPath = /bin/sh;
			shellScript = "\"${PODS_ROOT}/Target Support Files/Pods-bsWear-shop/Pods-bsWear-shop-frameworks.sh\"\n";
			showEnvVarsInLog = 0;
		};
		E4865CA4923549CBB509B25E /* [CP] Check Pods Manifest.lock */ = {
			isa = PBXShellScriptBuildPhase;
			buildActionMask = 2147483647;
			files = (
			);
			inputFileListPaths = (
			);
			inputPaths = (
				"${PODS_PODFILE_DIR_PATH}/Podfile.lock",
				"${PODS_ROOT}/Manifest.lock",
			);
			name = "[CP] Check Pods Manifest.lock";
			outputFileListPaths = (
			);
			outputPaths = (
				"$(DERIVED_FILE_DIR)/Pods-bsWear-shop-checkManifestLockResult.txt",
			);
			runOnlyForDeploymentPostprocessing = 0;
			shellPath = /bin/sh;
			shellScript = "diff \"${PODS_PODFILE_DIR_PATH}/Podfile.lock\" \"${PODS_ROOT}/Manifest.lock\" > /dev/null\nif [ $? != 0 ] ; then\n    # print error to STDERR\n    echo \"error: The sandbox is not in sync with the Podfile.lock. Run 'pod install' or update your CocoaPods installation.\" >&2\n    exit 1\nfi\n# This output is used by Xcode 'outputs' to avoid re-running this script phase.\necho \"SUCCESS\" > \"${SCRIPT_OUTPUT_FILE_0}\"\n";
			showEnvVarsInLog = 0;
		};
/* End PBXShellScriptBuildPhase section */

/* Begin PBXSourcesBuildPhase section */
		2591ECCA268E0B1600E6082E /* Sources */ = {
			isa = PBXSourcesBuildPhase;
			buildActionMask = 2147483647;
			files = (
				25893ED6268F4C7E00D90D2E /* TableViewExt.swift in Sources */,
				2591ECEE268E116400E6082E /* Model.swift in Sources */,
				25893ED82690AAD400D90D2E /* ProductCollectionViewCell.swift in Sources */,
				2591ECD6268E0B1600E6082E /* CategoryViewController.swift in Sources */,
				2591ECD2268E0B1600E6082E /* AppDelegate.swift in Sources */,
				25893ED2268F4C4800D90D2E /* ProductViewController.swift in Sources */,
				25893ED4268F4C5900D90D2E /* ProductVCext.swift in Sources */,
				2591ECF0268E164F00E6082E /* ApiClientImpl.swift in Sources */,
				2591ECF2268E839900E6082E /* CategoryTableViewCell.swift in Sources */,
				2591ECF4268E84D700E6082E /* ImageExt.swift in Sources */,
				25893ED0268F45EF00D90D2E /* SubCategoryVCext.swift in Sources */,
				2591ECF6268E954800E6082E /* SubCategoryViewController.swift in Sources */,
				2591ECEC268E112100E6082E /* CategoryVCext.swift in Sources */,
				2591ECD4268E0B1600E6082E /* SceneDelegate.swift in Sources */,
				25893EDA2690ABF000D90D2E /* CustomView.swift in Sources */,
			);
			runOnlyForDeploymentPostprocessing = 0;
		};
/* End PBXSourcesBuildPhase section */

/* Begin PBXVariantGroup section */
		2591ECD7268E0B1600E6082E /* Main.storyboard */ = {
			isa = PBXVariantGroup;
			children = (
				2591ECD8268E0B1600E6082E /* Base */,
			);
			name = Main.storyboard;
			sourceTree = "<group>";
		};
		2591ECDC268E0B1C00E6082E /* LaunchScreen.storyboard */ = {
			isa = PBXVariantGroup;
			children = (
				2591ECDD268E0B1C00E6082E /* Base */,
			);
			name = LaunchScreen.storyboard;
			sourceTree = "<group>";
		};
/* End PBXVariantGroup section */

/* Begin XCBuildConfiguration section */
		2591ECE0268E0B1C00E6082E /* Debug */ = {
			isa = XCBuildConfiguration;
			buildSettings = {
				ALWAYS_SEARCH_USER_PATHS = NO;
				CLANG_ANALYZER_NONNULL = YES;
				CLANG_ANALYZER_NUMBER_OBJECT_CONVERSION = YES_AGGRESSIVE;
				CLANG_CXX_LANGUAGE_STANDARD = "gnu++14";
				CLANG_CXX_LIBRARY = "libc++";
				CLANG_ENABLE_MODULES = YES;
				CLANG_ENABLE_OBJC_ARC = YES;
				CLANG_ENABLE_OBJC_WEAK = YES;
				CLANG_WARN_BLOCK_CAPTURE_AUTORELEASING = YES;
				CLANG_WARN_BOOL_CONVERSION = YES;
				CLANG_WARN_COMMA = YES;
				CLANG_WARN_CONSTANT_CONVERSION = YES;
				CLANG_WARN_DEPRECATED_OBJC_IMPLEMENTATIONS = YES;
				CLANG_WARN_DIRECT_OBJC_ISA_USAGE = YES_ERROR;
				CLANG_WARN_DOCUMENTATION_COMMENTS = YES;
				CLANG_WARN_EMPTY_BODY = YES;
				CLANG_WARN_ENUM_CONVERSION = YES;
				CLANG_WARN_INFINITE_RECURSION = YES;
				CLANG_WARN_INT_CONVERSION = YES;
				CLANG_WARN_NON_LITERAL_NULL_CONVERSION = YES;
				CLANG_WARN_OBJC_IMPLICIT_RETAIN_SELF = YES;
				CLANG_WARN_OBJC_LITERAL_CONVERSION = YES;
				CLANG_WARN_OBJC_ROOT_CLASS = YES_ERROR;
				CLANG_WARN_QUOTED_INCLUDE_IN_FRAMEWORK_HEADER = YES;
				CLANG_WARN_RANGE_LOOP_ANALYSIS = YES;
				CLANG_WARN_STRICT_PROTOTYPES = YES;
				CLANG_WARN_SUSPICIOUS_MOVE = YES;
				CLANG_WARN_UNGUARDED_AVAILABILITY = YES_AGGRESSIVE;
				CLANG_WARN_UNREACHABLE_CODE = YES;
				CLANG_WARN__DUPLICATE_METHOD_MATCH = YES;
				COPY_PHASE_STRIP = NO;
				DEBUG_INFORMATION_FORMAT = dwarf;
				ENABLE_STRICT_OBJC_MSGSEND = YES;
				ENABLE_TESTABILITY = YES;
				GCC_C_LANGUAGE_STANDARD = gnu11;
				GCC_DYNAMIC_NO_PIC = NO;
				GCC_NO_COMMON_BLOCKS = YES;
				GCC_OPTIMIZATION_LEVEL = 0;
				GCC_PREPROCESSOR_DEFINITIONS = (
					"DEBUG=1",
					"$(inherited)",
				);
				GCC_WARN_64_TO_32_BIT_CONVERSION = YES;
				GCC_WARN_ABOUT_RETURN_TYPE = YES_ERROR;
				GCC_WARN_UNDECLARED_SELECTOR = YES;
				GCC_WARN_UNINITIALIZED_AUTOS = YES_AGGRESSIVE;
				GCC_WARN_UNUSED_FUNCTION = YES;
				GCC_WARN_UNUSED_VARIABLE = YES;
				IPHONEOS_DEPLOYMENT_TARGET = 14.5;
				MTL_ENABLE_DEBUG_INFO = INCLUDE_SOURCE;
				MTL_FAST_MATH = YES;
				ONLY_ACTIVE_ARCH = YES;
				SDKROOT = iphoneos;
				SWIFT_ACTIVE_COMPILATION_CONDITIONS = DEBUG;
				SWIFT_OPTIMIZATION_LEVEL = "-Onone";
			};
			name = Debug;
		};
		2591ECE1268E0B1C00E6082E /* Release */ = {
			isa = XCBuildConfiguration;
			buildSettings = {
				ALWAYS_SEARCH_USER_PATHS = NO;
				CLANG_ANALYZER_NONNULL = YES;
				CLANG_ANALYZER_NUMBER_OBJECT_CONVERSION = YES_AGGRESSIVE;
				CLANG_CXX_LANGUAGE_STANDARD = "gnu++14";
				CLANG_CXX_LIBRARY = "libc++";
				CLANG_ENABLE_MODULES = YES;
				CLANG_ENABLE_OBJC_ARC = YES;
				CLANG_ENABLE_OBJC_WEAK = YES;
				CLANG_WARN_BLOCK_CAPTURE_AUTORELEASING = YES;
				CLANG_WARN_BOOL_CONVERSION = YES;
				CLANG_WARN_COMMA = YES;
				CLANG_WARN_CONSTANT_CONVERSION = YES;
				CLANG_WARN_DEPRECATED_OBJC_IMPLEMENTATIONS = YES;
				CLANG_WARN_DIRECT_OBJC_ISA_USAGE = YES_ERROR;
				CLANG_WARN_DOCUMENTATION_COMMENTS = YES;
				CLANG_WARN_EMPTY_BODY = YES;
				CLANG_WARN_ENUM_CONVERSION = YES;
				CLANG_WARN_INFINITE_RECURSION = YES;
				CLANG_WARN_INT_CONVERSION = YES;
				CLANG_WARN_NON_LITERAL_NULL_CONVERSION = YES;
				CLANG_WARN_OBJC_IMPLICIT_RETAIN_SELF = YES;
				CLANG_WARN_OBJC_LITERAL_CONVERSION = YES;
				CLANG_WARN_OBJC_ROOT_CLASS = YES_ERROR;
				CLANG_WARN_QUOTED_INCLUDE_IN_FRAMEWORK_HEADER = YES;
				CLANG_WARN_RANGE_LOOP_ANALYSIS = YES;
				CLANG_WARN_STRICT_PROTOTYPES = YES;
				CLANG_WARN_SUSPICIOUS_MOVE = YES;
				CLANG_WARN_UNGUARDED_AVAILABILITY = YES_AGGRESSIVE;
				CLANG_WARN_UNREACHABLE_CODE = YES;
				CLANG_WARN__DUPLICATE_METHOD_MATCH = YES;
				COPY_PHASE_STRIP = NO;
				DEBUG_INFORMATION_FORMAT = "dwarf-with-dsym";
				ENABLE_NS_ASSERTIONS = NO;
				ENABLE_STRICT_OBJC_MSGSEND = YES;
				GCC_C_LANGUAGE_STANDARD = gnu11;
				GCC_NO_COMMON_BLOCKS = YES;
				GCC_WARN_64_TO_32_BIT_CONVERSION = YES;
				GCC_WARN_ABOUT_RETURN_TYPE = YES_ERROR;
				GCC_WARN_UNDECLARED_SELECTOR = YES;
				GCC_WARN_UNINITIALIZED_AUTOS = YES_AGGRESSIVE;
				GCC_WARN_UNUSED_FUNCTION = YES;
				GCC_WARN_UNUSED_VARIABLE = YES;
				IPHONEOS_DEPLOYMENT_TARGET = 14.5;
				MTL_ENABLE_DEBUG_INFO = NO;
				MTL_FAST_MATH = YES;
				SDKROOT = iphoneos;
				SWIFT_COMPILATION_MODE = wholemodule;
				SWIFT_OPTIMIZATION_LEVEL = "-O";
				VALIDATE_PRODUCT = YES;
			};
			name = Release;
		};
		2591ECE3268E0B1C00E6082E /* Debug */ = {
			isa = XCBuildConfiguration;
			baseConfigurationReference = 878D58262B0C071C1F4623BD /* Pods-bsWear-shop.debug.xcconfig */;
			buildSettings = {
				ASSETCATALOG_COMPILER_APPICON_NAME = AppIcon;
				ASSETCATALOG_COMPILER_GLOBAL_ACCENT_COLOR_NAME = AccentColor;
				CODE_SIGN_STYLE = Automatic;
				DEVELOPMENT_TEAM = F5BJS4MMJH;
				INFOPLIST_FILE = "bsWear-shop/Info.plist";
				LD_RUNPATH_SEARCH_PATHS = (
					"$(inherited)",
					"@executable_path/Frameworks",
				);
				PRODUCT_BUNDLE_IDENTIFIER = "com.david.bsWear-shop";
				PRODUCT_NAME = "$(TARGET_NAME)";
				SWIFT_VERSION = 5.0;
				TARGETED_DEVICE_FAMILY = "1,2";
			};
			name = Debug;
		};
		2591ECE4268E0B1C00E6082E /* Release */ = {
			isa = XCBuildConfiguration;
			baseConfigurationReference = D2A4E03B96323BA90907EBBF /* Pods-bsWear-shop.release.xcconfig */;
			buildSettings = {
				ASSETCATALOG_COMPILER_APPICON_NAME = AppIcon;
				ASSETCATALOG_COMPILER_GLOBAL_ACCENT_COLOR_NAME = AccentColor;
				CODE_SIGN_STYLE = Automatic;
				DEVELOPMENT_TEAM = F5BJS4MMJH;
				INFOPLIST_FILE = "bsWear-shop/Info.plist";
				LD_RUNPATH_SEARCH_PATHS = (
					"$(inherited)",
					"@executable_path/Frameworks",
				);
				PRODUCT_BUNDLE_IDENTIFIER = "com.david.bsWear-shop";
				PRODUCT_NAME = "$(TARGET_NAME)";
				SWIFT_VERSION = 5.0;
				TARGETED_DEVICE_FAMILY = "1,2";
			};
			name = Release;
		};
/* End XCBuildConfiguration section */

/* Begin XCConfigurationList section */
		2591ECC9268E0B1500E6082E /* Build configuration list for PBXProject "bsWear-shop" */ = {
			isa = XCConfigurationList;
			buildConfigurations = (
				2591ECE0268E0B1C00E6082E /* Debug */,
				2591ECE1268E0B1C00E6082E /* Release */,
			);
			defaultConfigurationIsVisible = 0;
			defaultConfigurationName = Release;
		};
		2591ECE2268E0B1C00E6082E /* Build configuration list for PBXNativeTarget "bsWear-shop" */ = {
			isa = XCConfigurationList;
			buildConfigurations = (
				2591ECE3268E0B1C00E6082E /* Debug */,
				2591ECE4268E0B1C00E6082E /* Release */,
			);
			defaultConfigurationIsVisible = 0;
			defaultConfigurationName = Release;
		};
/* End XCConfigurationList section */
	};
	rootObject = 2591ECC6268E0B1500E6082E /* Project object */;
}
